
Microsoft Visual Studio Solution File, Format Version 12.00
# Visual Studio Version 17
VisualStudioVersion = 17.2.32526.322
MinimumVisualStudioVersion = 10.0.40219.1
Project("{2150E333-8FDC-42A3-9474-1A3956D46DE8}") = "Services", "Services", "{816C0D8F-F4C9-409C-A29C-D5879919C5E1}"
EndProject
Project("{2150E333-8FDC-42A3-9474-1A3956D46DE8}") = "Catalog", "Catalog", "{D1B97B14-4635-444E-974F-71F251170C06}"
EndProject
Project("{9A19103F-16F7-4668-BE54-9A1E7A4F7556}") = "Catalog.API", "Services\Catalog\Catalog.API\Catalog.API.csproj", "{2C5A9419-123A-48AB-AA38-AA27DED659B2}"
EndProject
Project("{E53339B2-1760-4266-BCC7-CA923CBCF16C}") = "docker-compose", "docker-compose.dcproj", "{8538CB29-B74A-4BC4-ADF5-879711CD0483}"
EndProject
Project("{2150E333-8FDC-42A3-9474-1A3956D46DE8}") = "Basket", "Basket", "{57D1A4FE-EF1C-4713-8F42-69A83108AC7C}"
EndProject
Project("{FAE04EC0-301F-11D3-BF4B-00C04F79EFBC}") = "Basket.API", "Services\Basket\Basket.API\Basket.API.csproj", "{8B9096CC-7DAB-41B6-966D-5D41741ACC99}"
EndProject
Global
	GlobalSection(SolutionConfigurationPlatforms) = preSolution
		Debug|Any CPU = Debug|Any CPU
		Release|Any CPU = Release|Any CPU
	EndGlobalSection
	GlobalSection(ProjectConfigurationPlatforms) = postSolution
		{2C5A9419-123A-48AB-AA38-AA27DED659B2}.Debug|Any CPU.ActiveCfg = Debug|Any CPU
		{2C5A9419-123A-48AB-AA38-AA27DED659B2}.Debug|Any CPU.Build.0 = Debug|Any CPU
		{2C5A9419-123A-48AB-AA38-AA27DED659B2}.Release|Any CPU.ActiveCfg = Release|Any CPU
		{2C5A9419-123A-48AB-AA38-AA27DED659B2}.Release|Any CPU.Build.0 = Release|Any CPU
		{8538CB29-B74A-4BC4-ADF5-879711CD0483}.Debug|Any CPU.ActiveCfg = Debug|Any CPU
		{8538CB29-B74A-4BC4-ADF5-879711CD0483}.Debug|Any CPU.Build.0 = Debug|Any CPU
		{8538CB29-B74A-4BC4-ADF5-879711CD0483}.Release|Any CPU.ActiveCfg = Release|Any CPU
		{8538CB29-B74A-4BC4-ADF5-879711CD0483}.Release|Any CPU.Build.0 = Release|Any CPU
		{8B9096CC-7DAB-41B6-966D-5D41741ACC99}.Debug|Any CPU.ActiveCfg = Debug|Any CPU
		{8B9096CC-7DAB-41B6-966D-5D41741ACC99}.Debug|Any CPU.Build.0 = Debug|Any CPU
		{8B9096CC-7DAB-41B6-966D-5D41741ACC99}.Release|Any CPU.ActiveCfg = Release|Any CPU
		{8B9096CC-7DAB-41B6-966D-5D41741ACC99}.Release|Any CPU.Build.0 = Release|Any CPU
	EndGlobalSection
	GlobalSection(SolutionProperties) = preSolution
		HideSolutionNode = FALSE
	EndGlobalSection
	GlobalSection(NestedProjects) = preSolution
		{D1B97B14-4635-444E-974F-71F251170C06} = {816C0D8F-F4C9-409C-A29C-D5879919C5E1}
		{2C5A9419-123A-48AB-AA38-AA27DED659B2} = {D1B97B14-4635-444E-974F-71F251170C06}
		{57D1A4FE-EF1C-4713-8F42-69A83108AC7C} = {816C0D8F-F4C9-409C-A29C-D5879919C5E1}
		{8B9096CC-7DAB-41B6-966D-5D41741ACC99} = {57D1A4FE-EF1C-4713-8F42-69A83108AC7C}
	EndGlobalSection
	GlobalSection(ExtensibilityGlobals) = postSolution
		SolutionGuid = {0B02FE41-D174-4BBF-B226-478277A323E5}
	EndGlobalSection
EndGlobal
