
Microsoft Visual Studio Solution File, Format Version 12.00
# Visual Studio Version 17
VisualStudioVersion = 17.2.32526.322
MinimumVisualStudioVersion = 10.0.40219.1
Project("{2150E333-8FDC-42A3-9474-1A3956D46DE8}") = "Services", "Services", "{816C0D8F-F4C9-409C-A29C-D5879919C5E1}"
EndProject
Project("{2150E333-8FDC-42A3-9474-1A3956D46DE8}") = "Catalog", "Catalog", "{D1B97B14-4635-444E-974F-71F251170C06}"
EndProject
Project("{9A19103F-16F7-4668-BE54-9A1E7A4F7556}") = "Catalog.API", "Services\Catalog\Catalog.API\Catalog.API.csproj", "{2C5A9419-123A-48AB-AA38-AA27DED659B2}"
EndProject
Project("{E53339B2-1760-4266-BCC7-CA923CBCF16C}") = "docker-compose", "docker-compose.dcproj", "{8538CB29-B74A-4BC4-ADF5-879711CD0483}"
EndProject
Project("{2150E333-8FDC-42A3-9474-1A3956D46DE8}") = "Basket", "Basket", "{57D1A4FE-EF1C-4713-8F42-69A83108AC7C}"
EndProject
Project("{9A19103F-16F7-4668-BE54-9A1E7A4F7556}") = "Basket.API", "Services\Basket\Basket.API\Basket.API.csproj", "{8B9096CC-7DAB-41B6-966D-5D41741ACC99}"
EndProject
Project("{2150E333-8FDC-42A3-9474-1A3956D46DE8}") = "Discount", "Discount", "{8CB33E80-CE48-4456-8081-B9CEA82710BA}"
EndProject
Project("{9A19103F-16F7-4668-BE54-9A1E7A4F7556}") = "Discount.API", "Services\Discount\Discount.API\Discount.API.csproj", "{5A74873F-7645-40A4-ADC2-FEDA9A747DE2}"
EndProject
Project("{9A19103F-16F7-4668-BE54-9A1E7A4F7556}") = "Discount.Grpc", "Services\Discount\Discount.Grpc\Discount.Grpc.csproj", "{4FD7C820-3BA7-47DF-84B9-5556640CA9EC}"
EndProject
Project("{2150E333-8FDC-42A3-9474-1A3956D46DE8}") = "Ordering", "Ordering", "{97C753CD-FE2D-4E8B-ACE4-1C8AFAEFF397}"
EndProject
Project("{FAE04EC0-301F-11D3-BF4B-00C04F79EFBC}") = "Ordering.API", "Services\Ordering\Ordering.API\Ordering.API.csproj", "{7442DE31-A353-4D72-87DD-8081A2242D82}"
EndProject
Project("{FAE04EC0-301F-11D3-BF4B-00C04F79EFBC}") = "Ordering.Domain", "Services\Ordering\Ordering.Domain\Ordering.Domain.csproj", "{A4D6DADC-BEE1-4ECE-8D52-3B72B53F5CBA}"
EndProject
Project("{FAE04EC0-301F-11D3-BF4B-00C04F79EFBC}") = "Ordering.Application", "Services\Ordering\Ordering.Application\Ordering.Application.csproj", "{28781CFD-477D-41BF-8121-CCA3E1B556BB}"
EndProject
Project("{FAE04EC0-301F-11D3-BF4B-00C04F79EFBC}") = "Ordering.Infrastructure", "Services\Ordering\Ordering.Infrastructure\Ordering.Infrastructure.csproj", "{45D37A3F-5569-4448-A95F-5C1C76C4A868}"
EndProject
Global
	GlobalSection(SolutionConfigurationPlatforms) = preSolution
		Debug|Any CPU = Debug|Any CPU
		Release|Any CPU = Release|Any CPU
	EndGlobalSection
	GlobalSection(ProjectConfigurationPlatforms) = postSolution
		{2C5A9419-123A-48AB-AA38-AA27DED659B2}.Debug|Any CPU.ActiveCfg = Debug|Any CPU
		{2C5A9419-123A-48AB-AA38-AA27DED659B2}.Debug|Any CPU.Build.0 = Debug|Any CPU
		{2C5A9419-123A-48AB-AA38-AA27DED659B2}.Release|Any CPU.ActiveCfg = Release|Any CPU
		{2C5A9419-123A-48AB-AA38-AA27DED659B2}.Release|Any CPU.Build.0 = Release|Any CPU
		{8538CB29-B74A-4BC4-ADF5-879711CD0483}.Debug|Any CPU.ActiveCfg = Debug|Any CPU
		{8538CB29-B74A-4BC4-ADF5-879711CD0483}.Debug|Any CPU.Build.0 = Debug|Any CPU
		{8538CB29-B74A-4BC4-ADF5-879711CD0483}.Release|Any CPU.ActiveCfg = Release|Any CPU
		{8538CB29-B74A-4BC4-ADF5-879711CD0483}.Release|Any CPU.Build.0 = Release|Any CPU
		{8B9096CC-7DAB-41B6-966D-5D41741ACC99}.Debug|Any CPU.ActiveCfg = Debug|Any CPU
		{8B9096CC-7DAB-41B6-966D-5D41741ACC99}.Debug|Any CPU.Build.0 = Debug|Any CPU
		{8B9096CC-7DAB-41B6-966D-5D41741ACC99}.Release|Any CPU.ActiveCfg = Release|Any CPU
		{8B9096CC-7DAB-41B6-966D-5D41741ACC99}.Release|Any CPU.Build.0 = Release|Any CPU
		{5A74873F-7645-40A4-ADC2-FEDA9A747DE2}.Debug|Any CPU.ActiveCfg = Debug|Any CPU
		{5A74873F-7645-40A4-ADC2-FEDA9A747DE2}.Debug|Any CPU.Build.0 = Debug|Any CPU
		{5A74873F-7645-40A4-ADC2-FEDA9A747DE2}.Release|Any CPU.ActiveCfg = Release|Any CPU
		{5A74873F-7645-40A4-ADC2-FEDA9A747DE2}.Release|Any CPU.Build.0 = Release|Any CPU
		{4FD7C820-3BA7-47DF-84B9-5556640CA9EC}.Debug|Any CPU.ActiveCfg = Debug|Any CPU
		{4FD7C820-3BA7-47DF-84B9-5556640CA9EC}.Debug|Any CPU.Build.0 = Debug|Any CPU
		{4FD7C820-3BA7-47DF-84B9-5556640CA9EC}.Release|Any CPU.ActiveCfg = Release|Any CPU
		{4FD7C820-3BA7-47DF-84B9-5556640CA9EC}.Release|Any CPU.Build.0 = Release|Any CPU
		{7442DE31-A353-4D72-87DD-8081A2242D82}.Debug|Any CPU.ActiveCfg = Debug|Any CPU
		{7442DE31-A353-4D72-87DD-8081A2242D82}.Debug|Any CPU.Build.0 = Debug|Any CPU
		{7442DE31-A353-4D72-87DD-8081A2242D82}.Release|Any CPU.ActiveCfg = Release|Any CPU
		{7442DE31-A353-4D72-87DD-8081A2242D82}.Release|Any CPU.Build.0 = Release|Any CPU
		{A4D6DADC-BEE1-4ECE-8D52-3B72B53F5CBA}.Debug|Any CPU.ActiveCfg = Debug|Any CPU
		{A4D6DADC-BEE1-4ECE-8D52-3B72B53F5CBA}.Debug|Any CPU.Build.0 = Debug|Any CPU
		{A4D6DADC-BEE1-4ECE-8D52-3B72B53F5CBA}.Release|Any CPU.ActiveCfg = Release|Any CPU
		{A4D6DADC-BEE1-4ECE-8D52-3B72B53F5CBA}.Release|Any CPU.Build.0 = Release|Any CPU
		{28781CFD-477D-41BF-8121-CCA3E1B556BB}.Debug|Any CPU.ActiveCfg = Debug|Any CPU
		{28781CFD-477D-41BF-8121-CCA3E1B556BB}.Debug|Any CPU.Build.0 = Debug|Any CPU
		{28781CFD-477D-41BF-8121-CCA3E1B556BB}.Release|Any CPU.ActiveCfg = Release|Any CPU
		{28781CFD-477D-41BF-8121-CCA3E1B556BB}.Release|Any CPU.Build.0 = Release|Any CPU
		{45D37A3F-5569-4448-A95F-5C1C76C4A868}.Debug|Any CPU.ActiveCfg = Debug|Any CPU
		{45D37A3F-5569-4448-A95F-5C1C76C4A868}.Debug|Any CPU.Build.0 = Debug|Any CPU
		{45D37A3F-5569-4448-A95F-5C1C76C4A868}.Release|Any CPU.ActiveCfg = Release|Any CPU
		{45D37A3F-5569-4448-A95F-5C1C76C4A868}.Release|Any CPU.Build.0 = Release|Any CPU
	EndGlobalSection
	GlobalSection(SolutionProperties) = preSolution
		HideSolutionNode = FALSE
	EndGlobalSection
	GlobalSection(NestedProjects) = preSolution
		{D1B97B14-4635-444E-974F-71F251170C06} = {816C0D8F-F4C9-409C-A29C-D5879919C5E1}
		{2C5A9419-123A-48AB-AA38-AA27DED659B2} = {D1B97B14-4635-444E-974F-71F251170C06}
		{57D1A4FE-EF1C-4713-8F42-69A83108AC7C} = {816C0D8F-F4C9-409C-A29C-D5879919C5E1}
		{8B9096CC-7DAB-41B6-966D-5D41741ACC99} = {57D1A4FE-EF1C-4713-8F42-69A83108AC7C}
		{8CB33E80-CE48-4456-8081-B9CEA82710BA} = {816C0D8F-F4C9-409C-A29C-D5879919C5E1}
		{5A74873F-7645-40A4-ADC2-FEDA9A747DE2} = {8CB33E80-CE48-4456-8081-B9CEA82710BA}
		{4FD7C820-3BA7-47DF-84B9-5556640CA9EC} = {8CB33E80-CE48-4456-8081-B9CEA82710BA}
		{97C753CD-FE2D-4E8B-ACE4-1C8AFAEFF397} = {816C0D8F-F4C9-409C-A29C-D5879919C5E1}
		{7442DE31-A353-4D72-87DD-8081A2242D82} = {97C753CD-FE2D-4E8B-ACE4-1C8AFAEFF397}
		{A4D6DADC-BEE1-4ECE-8D52-3B72B53F5CBA} = {97C753CD-FE2D-4E8B-ACE4-1C8AFAEFF397}
		{28781CFD-477D-41BF-8121-CCA3E1B556BB} = {97C753CD-FE2D-4E8B-ACE4-1C8AFAEFF397}
		{45D37A3F-5569-4448-A95F-5C1C76C4A868} = {97C753CD-FE2D-4E8B-ACE4-1C8AFAEFF397}
	EndGlobalSection
	GlobalSection(ExtensibilityGlobals) = postSolution
		SolutionGuid = {0B02FE41-D174-4BBF-B226-478277A323E5}
	EndGlobalSection
EndGlobal
